
Microsoft Visual Studio Solution File, Format Version 12.00
# Visual Studio Version 16
VisualStudioVersion = 16.0.30517.126
MinimumVisualStudioVersion = 10.0.40219.1
Project("{FAE04EC0-301F-11D3-BF4B-00C04F79EFBC}") = "TicTacToe", "TicTacToe\TicTacToe.csproj", "{389C3B48-8531-4C70-825D-4F8948168DB3}"
EndProject
Global
	GlobalSection(SolutionConfigurationPlatforms) = preSolution
		Debug|Any CPU = Debug|Any CPU
		Release|Any CPU = Release|Any CPU
	EndGlobalSection
	GlobalSection(ProjectConfigurationPlatforms) = postSolution
		{389C3B48-8531-4C70-825D-4F8948168DB3}.Debug|Any CPU.ActiveCfg = Debug|Any CPU
		{389C3B48-8531-4C70-825D-4F8948168DB3}.Debug|Any CPU.Build.0 = Debug|Any CPU
		{389C3B48-8531-4C70-825D-4F8948168DB3}.Release|Any CPU.ActiveCfg = Release|Any CPU
		{389C3B48-8531-4C70-825D-4F8948168DB3}.Release|Any CPU.Build.0 = Release|Any CPU
	EndGlobalSection
	GlobalSection(SolutionProperties) = preSolution
		HideSolutionNode = FALSE
	EndGlobalSection
	GlobalSection(ExtensibilityGlobals) = postSolution
		SolutionGuid = {DFB34EF6-ED65-4D97-948A-A9579DC892C9}
	EndGlobalSection
EndGlobal
